
Microsoft Visual Studio Solution File, Format Version 12.00
# Visual Studio 2015
Project("{FAE04EC0-301F-11D3-BF4B-00C04F79EFBC}") = "TrickyTracks.CSharp", "TrickyTracks.CSharp.csproj", "{D65068F6-29E6-7380-B97E-3526039873D0}"
EndProject
Project("{FAE04EC0-301F-11D3-BF4B-00C04F79EFBC}") = "TrickyTracks.CSharp.Editor", "TrickyTracks.CSharp.Editor.csproj", "{B0BA1050-DAB3-6767-2294-B596D01692B6}"
EndProject
Global
	GlobalSection(SolutionConfigurationPlatforms) = preSolution
		Debug|Any CPU = Debug|Any CPU
		Release|Any CPU = Release|Any CPU
	EndGlobalSection
	GlobalSection(ProjectConfigurationPlatforms) = postSolution
		{D65068F6-29E6-7380-B97E-3526039873D0}.Debug|Any CPU.ActiveCfg = Debug|Any CPU
		{D65068F6-29E6-7380-B97E-3526039873D0}.Debug|Any CPU.Build.0 = Debug|Any CPU
		{D65068F6-29E6-7380-B97E-3526039873D0}.Release|Any CPU.ActiveCfg = Release|Any CPU
		{D65068F6-29E6-7380-B97E-3526039873D0}.Release|Any CPU.Build.0 = Release|Any CPU
		{B0BA1050-DAB3-6767-2294-B596D01692B6}.Debug|Any CPU.ActiveCfg = Debug|Any CPU
		{B0BA1050-DAB3-6767-2294-B596D01692B6}.Debug|Any CPU.Build.0 = Debug|Any CPU
		{B0BA1050-DAB3-6767-2294-B596D01692B6}.Release|Any CPU.ActiveCfg = Release|Any CPU
		{B0BA1050-DAB3-6767-2294-B596D01692B6}.Release|Any CPU.Build.0 = Release|Any CPU
	EndGlobalSection
	GlobalSection(SolutionProperties) = preSolution
		HideSolutionNode = FALSE
	EndGlobalSection
EndGlobal
