
Microsoft Visual Studio Solution File, Format Version 11.00
# Visual Studio 2010
Project("{FAE04EC0-301F-11D3-BF4B-00C04F79EFBC}") = "TrickyTracks", "Assembly-CSharp.csproj", "{5370DBD7-0952-B64D-EE20-6FCFABCC271B}"
EndProject
Project("{FAE04EC0-301F-11D3-BF4B-00C04F79EFBC}") = "TrickyTracks", "Assembly-CSharp-Editor.csproj", "{769A96E4-0328-4E5F-7587-B0BDBF48796B}"
EndProject
Global
	GlobalSection(SolutionConfigurationPlatforms) = preSolution
		Debug|Any CPU = Debug|Any CPU
		Release|Any CPU = Release|Any CPU
	EndGlobalSection
	GlobalSection(ProjectConfigurationPlatforms) = postSolution
		{5370DBD7-0952-B64D-EE20-6FCFABCC271B}.Debug|Any CPU.ActiveCfg = Debug|Any CPU
		{5370DBD7-0952-B64D-EE20-6FCFABCC271B}.Debug|Any CPU.Build.0 = Debug|Any CPU
		{5370DBD7-0952-B64D-EE20-6FCFABCC271B}.Release|Any CPU.ActiveCfg = Release|Any CPU
		{5370DBD7-0952-B64D-EE20-6FCFABCC271B}.Release|Any CPU.Build.0 = Release|Any CPU
		{769A96E4-0328-4E5F-7587-B0BDBF48796B}.Debug|Any CPU.ActiveCfg = Debug|Any CPU
		{769A96E4-0328-4E5F-7587-B0BDBF48796B}.Debug|Any CPU.Build.0 = Debug|Any CPU
		{769A96E4-0328-4E5F-7587-B0BDBF48796B}.Release|Any CPU.ActiveCfg = Release|Any CPU
		{769A96E4-0328-4E5F-7587-B0BDBF48796B}.Release|Any CPU.Build.0 = Release|Any CPU
	EndGlobalSection
	GlobalSection(SolutionProperties) = preSolution
		HideSolutionNode = FALSE
	EndGlobalSection
	GlobalSection(MonoDevelopProperties) = preSolution
		StartupItem = Assembly-CSharp.csproj
	EndGlobalSection
EndGlobal
